{
  "lockfileVersion": 1,
  "workspaces": {
    "": {
      "name": "run-app",
      "dependencies": {
        "@mentra/sdk": "^2.1.13",
        "@types/cors": "^2.8.19",
        "cors": "^2.8.5",
      },
      "devDependencies": {
        "@types/bun": "latest",
        "@types/express": "^4.17.17",
        "@types/node": "^24.1.0",
        "tsx": "^4.20.3",
        "typescript": "^5.8.3",
      },
      "peerDependencies": {
        "typescript": "^5.8.3",
      },
    },
  },
  "packages": {
    "@esbuild/darwin-arm64": ["@esbuild/darwin-arm64@0.25.5", "", { "os": "darwin", "cpu": "arm64" }, ""],

    "@jimp/core": ["@jimp/core@1.6.0", "", { "dependencies": { "@jimp/file-ops": "1.6.0", "@jimp/types": "1.6.0", "@jimp/utils": "1.6.0", "await-to-js": "^3.0.0", "exif-parser": "^0.1.12", "file-type": "^16.0.0", "mime": "3" } }, "sha512-EQQlKU3s9QfdJqiSrZWNTxBs3rKXgO2W+GxNXDtwchF3a4IqxDheFX1ti+Env9hdJXDiYLp2jTRjlxhPthsk8w=="],

    "@jimp/diff": ["@jimp/diff@1.6.0", "", { "dependencies": { "@jimp/plugin-resize": "1.6.0", "@jimp/types": "1.6.0", "@jimp/utils": "1.6.0", "pixelmatch": "^5.3.0" } }, "sha512-+yUAQ5gvRC5D1WHYxjBHZI7JBRusGGSLf8AmPRPCenTzh4PA+wZ1xv2+cYqQwTfQHU5tXYOhA0xDytfHUf1Zyw=="],

    "@jimp/file-ops": ["@jimp/file-ops@1.6.0", "", {}, "sha512-Dx/bVDmgnRe1AlniRpCKrGRm5YvGmUwbDzt+MAkgmLGf+jvBT75hmMEZ003n9HQI/aPnm/YKnXjg/hOpzNCpHQ=="],

    "@jimp/js-bmp": ["@jimp/js-bmp@1.6.0", "", { "dependencies": { "@jimp/core": "1.6.0", "@jimp/types": "1.6.0", "@jimp/utils": "1.6.0", "bmp-ts": "^1.0.9" } }, "sha512-FU6Q5PC/e3yzLyBDXupR3SnL3htU7S3KEs4e6rjDP6gNEOXRFsWs6YD3hXuXd50jd8ummy+q2WSwuGkr8wi+Gw=="],

    "@jimp/js-gif": ["@jimp/js-gif@1.6.0", "", { "dependencies": { "@jimp/core": "1.6.0", "@jimp/types": "1.6.0", "gifwrap": "^0.10.1", "omggif": "^1.0.10" } }, "sha512-N9CZPHOrJTsAUoWkWZstLPpwT5AwJ0wge+47+ix3++SdSL/H2QzyMqxbcDYNFe4MoI5MIhATfb0/dl/wmX221g=="],

    "@jimp/js-jpeg": ["@jimp/js-jpeg@1.6.0", "", { "dependencies": { "@jimp/core": "1.6.0", "@jimp/types": "1.6.0", "jpeg-js": "^0.4.4" } }, "sha512-6vgFDqeusblf5Pok6B2DUiMXplH8RhIKAryj1yn+007SIAQ0khM1Uptxmpku/0MfbClx2r7pnJv9gWpAEJdMVA=="],

    "@jimp/js-png": ["@jimp/js-png@1.6.0", "", { "dependencies": { "@jimp/core": "1.6.0", "@jimp/types": "1.6.0", "pngjs": "^7.0.0" } }, "sha512-AbQHScy3hDDgMRNfG0tPjL88AV6qKAILGReIa3ATpW5QFjBKpisvUaOqhzJ7Reic1oawx3Riyv152gaPfqsBVg=="],

    "@jimp/js-tiff": ["@jimp/js-tiff@1.6.0", "", { "dependencies": { "@jimp/core": "1.6.0", "@jimp/types": "1.6.0", "utif2": "^4.1.0" } }, "sha512-zhReR8/7KO+adijj3h0ZQUOiun3mXUv79zYEAKvE0O+rP7EhgtKvWJOZfRzdZSNv0Pu1rKtgM72qgtwe2tFvyw=="],

    "@jimp/plugin-blit": ["@jimp/plugin-blit@1.6.0", "", { "dependencies": { "@jimp/types": "1.6.0", "@jimp/utils": "1.6.0", "zod": "^3.23.8" } }, "sha512-M+uRWl1csi7qilnSK8uxK4RJMSuVeBiO1AY0+7APnfUbQNZm6hCe0CCFv1Iyw1D/Dhb8ph8fQgm5mwM0eSxgVA=="],

    "@jimp/plugin-blur": ["@jimp/plugin-blur@1.6.0", "", { "dependencies": { "@jimp/core": "1.6.0", "@jimp/utils": "1.6.0" } }, "sha512-zrM7iic1OTwUCb0g/rN5y+UnmdEsT3IfuCXCJJNs8SZzP0MkZ1eTvuwK9ZidCuMo4+J3xkzCidRwYXB5CyGZTw=="],

    "@jimp/plugin-circle": ["@jimp/plugin-circle@1.6.0", "", { "dependencies": { "@jimp/types": "1.6.0", "zod": "^3.23.8" } }, "sha512-xt1Gp+LtdMKAXfDp3HNaG30SPZW6AQ7dtAtTnoRKorRi+5yCJjKqXRgkewS5bvj8DEh87Ko1ydJfzqS3P2tdWw=="],

    "@jimp/plugin-color": ["@jimp/plugin-color@1.6.0", "", { "dependencies": { "@jimp/core": "1.6.0", "@jimp/types": "1.6.0", "@jimp/utils": "1.6.0", "tinycolor2": "^1.6.0", "zod": "^3.23.8" } }, "sha512-J5q8IVCpkBsxIXM+45XOXTrsyfblyMZg3a9eAo0P7VPH4+CrvyNQwaYatbAIamSIN1YzxmO3DkIZXzRjFSz1SA=="],

    "@jimp/plugin-contain": ["@jimp/plugin-contain@1.6.0", "", { "dependencies": { "@jimp/core": "1.6.0", "@jimp/plugin-blit": "1.6.0", "@jimp/plugin-resize": "1.6.0", "@jimp/types": "1.6.0", "@jimp/utils": "1.6.0", "zod": "^3.23.8" } }, "sha512-oN/n+Vdq/Qg9bB4yOBOxtY9IPAtEfES8J1n9Ddx+XhGBYT1/QTU/JYkGaAkIGoPnyYvmLEDqMz2SGihqlpqfzQ=="],

    "@jimp/plugin-cover": ["@jimp/plugin-cover@1.6.0", "", { "dependencies": { "@jimp/core": "1.6.0", "@jimp/plugin-crop": "1.6.0", "@jimp/plugin-resize": "1.6.0", "@jimp/types": "1.6.0", "zod": "^3.23.8" } }, "sha512-Iow0h6yqSC269YUJ8HC3Q/MpCi2V55sMlbkkTTx4zPvd8mWZlC0ykrNDeAy9IJegrQ7v5E99rJwmQu25lygKLA=="],

    "@jimp/plugin-crop": ["@jimp/plugin-crop@1.6.0", "", { "dependencies": { "@jimp/core": "1.6.0", "@jimp/types": "1.6.0", "@jimp/utils": "1.6.0", "zod": "^3.23.8" } }, "sha512-KqZkEhvs+21USdySCUDI+GFa393eDIzbi1smBqkUPTE+pRwSWMAf01D5OC3ZWB+xZsNla93BDS9iCkLHA8wang=="],

    "@jimp/plugin-displace": ["@jimp/plugin-displace@1.6.0", "", { "dependencies": { "@jimp/types": "1.6.0", "@jimp/utils": "1.6.0", "zod": "^3.23.8" } }, "sha512-4Y10X9qwr5F+Bo5ME356XSACEF55485j5nGdiyJ9hYzjQP9nGgxNJaZ4SAOqpd+k5sFaIeD7SQ0Occ26uIng5Q=="],

    "@jimp/plugin-dither": ["@jimp/plugin-dither@1.6.0", "", { "dependencies": { "@jimp/types": "1.6.0" } }, "sha512-600d1RxY0pKwgyU0tgMahLNKsqEcxGdbgXadCiVCoGd6V6glyCvkNrnnwC0n5aJ56Htkj88PToSdF88tNVZEEQ=="],

    "@jimp/plugin-fisheye": ["@jimp/plugin-fisheye@1.6.0", "", { "dependencies": { "@jimp/types": "1.6.0", "@jimp/utils": "1.6.0", "zod": "^3.23.8" } }, "sha512-E5QHKWSCBFtpgZarlmN3Q6+rTQxjirFqo44ohoTjzYVrDI6B6beXNnPIThJgPr0Y9GwfzgyarKvQuQuqCnnfbA=="],

    "@jimp/plugin-flip": ["@jimp/plugin-flip@1.6.0", "", { "dependencies": { "@jimp/types": "1.6.0", "zod": "^3.23.8" } }, "sha512-/+rJVDuBIVOgwoyVkBjUFHtP+wmW0r+r5OQ2GpatQofToPVbJw1DdYWXlwviSx7hvixTWLKVgRWQ5Dw862emDg=="],

    "@jimp/plugin-hash": ["@jimp/plugin-hash@1.6.0", "", { "dependencies": { "@jimp/core": "1.6.0", "@jimp/js-bmp": "1.6.0", "@jimp/js-jpeg": "1.6.0", "@jimp/js-png": "1.6.0", "@jimp/js-tiff": "1.6.0", "@jimp/plugin-color": "1.6.0", "@jimp/plugin-resize": "1.6.0", "@jimp/types": "1.6.0", "@jimp/utils": "1.6.0", "any-base": "^1.1.0" } }, "sha512-wWzl0kTpDJgYVbZdajTf+4NBSKvmI3bRI8q6EH9CVeIHps9VWVsUvEyb7rpbcwVLWYuzDtP2R0lTT6WeBNQH9Q=="],

    "@jimp/plugin-mask": ["@jimp/plugin-mask@1.6.0", "", { "dependencies": { "@jimp/types": "1.6.0", "zod": "^3.23.8" } }, "sha512-Cwy7ExSJMZszvkad8NV8o/Z92X2kFUFM8mcDAhNVxU0Q6tA0op2UKRJY51eoK8r6eds/qak3FQkXakvNabdLnA=="],

    "@jimp/plugin-print": ["@jimp/plugin-print@1.6.0", "", { "dependencies": { "@jimp/core": "1.6.0", "@jimp/js-jpeg": "1.6.0", "@jimp/js-png": "1.6.0", "@jimp/plugin-blit": "1.6.0", "@jimp/types": "1.6.0", "parse-bmfont-ascii": "^1.0.6", "parse-bmfont-binary": "^1.0.6", "parse-bmfont-xml": "^1.1.6", "simple-xml-to-json": "^1.2.2", "zod": "^3.23.8" } }, "sha512-zarTIJi8fjoGMSI/M3Xh5yY9T65p03XJmPsuNet19K/Q7mwRU6EV2pfj+28++2PV2NJ+htDF5uecAlnGyxFN2A=="],

    "@jimp/plugin-quantize": ["@jimp/plugin-quantize@1.6.0", "", { "dependencies": { "image-q": "^4.0.0", "zod": "^3.23.8" } }, "sha512-EmzZ/s9StYQwbpG6rUGBCisc3f64JIhSH+ncTJd+iFGtGo0YvSeMdAd+zqgiHpfZoOL54dNavZNjF4otK+mvlg=="],

    "@jimp/plugin-resize": ["@jimp/plugin-resize@1.6.0", "", { "dependencies": { "@jimp/core": "1.6.0", "@jimp/types": "1.6.0", "zod": "^3.23.8" } }, "sha512-uSUD1mqXN9i1SGSz5ov3keRZ7S9L32/mAQG08wUwZiEi5FpbV0K8A8l1zkazAIZi9IJzLlTauRNU41Mi8IF9fA=="],

    "@jimp/plugin-rotate": ["@jimp/plugin-rotate@1.6.0", "", { "dependencies": { "@jimp/core": "1.6.0", "@jimp/plugin-crop": "1.6.0", "@jimp/plugin-resize": "1.6.0", "@jimp/types": "1.6.0", "@jimp/utils": "1.6.0", "zod": "^3.23.8" } }, "sha512-JagdjBLnUZGSG4xjCLkIpQOZZ3Mjbg8aGCCi4G69qR+OjNpOeGI7N2EQlfK/WE8BEHOW5vdjSyglNqcYbQBWRw=="],

    "@jimp/plugin-threshold": ["@jimp/plugin-threshold@1.6.0", "", { "dependencies": { "@jimp/core": "1.6.0", "@jimp/plugin-color": "1.6.0", "@jimp/plugin-hash": "1.6.0", "@jimp/types": "1.6.0", "@jimp/utils": "1.6.0", "zod": "^3.23.8" } }, "sha512-M59m5dzLoHOVWdM41O8z9SyySzcDn43xHseOH0HavjsfQsT56GGCC4QzU1banJidbUrePhzoEdS42uFE8Fei8w=="],

    "@jimp/types": ["@jimp/types@1.6.0", "", { "dependencies": { "zod": "^3.23.8" } }, "sha512-7UfRsiKo5GZTAATxm2qQ7jqmUXP0DxTArztllTcYdyw6Xi5oT4RaoXynVtCD4UyLK5gJgkZJcwonoijrhYFKfg=="],

    "@jimp/utils": ["@jimp/utils@1.6.0", "", { "dependencies": { "@jimp/types": "1.6.0", "tinycolor2": "^1.6.0" } }, "sha512-gqFTGEosKbOkYF/WFj26jMHOI5OH2jeP1MmC/zbK6BF6VJBf8rIC5898dPfSzZEbSA0wbbV5slbntWVc5PKLFA=="],

    "@logtail/core": ["@logtail/core@0.5.4", "", { "dependencies": { "@logtail/tools": "^0.5.4", "@logtail/types": "^0.5.3", "serialize-error": "8.1.0" } }, ""],

    "@logtail/node": ["@logtail/node@0.5.5", "", { "dependencies": { "@logtail/core": "^0.5.4", "@logtail/types": "^0.5.3", "@msgpack/msgpack": "^2.5.1", "@types/stack-trace": "^0.0.33", "minimatch": "^9.0.5", "stack-trace": "0.0.10" } }, ""],

    "@logtail/pino": ["@logtail/pino@0.5.5", "", { "dependencies": { "@logtail/node": "^0.5.5", "@logtail/types": "^0.5.3", "pino-abstract-transport": "^1.0.0" }, "peerDependencies": { "pino": "^7.0.0 || ^8.0.0 || ^9.0.0" } }, ""],

    "@logtail/tools": ["@logtail/tools@0.5.4", "", { "dependencies": { "@logtail/types": "^0.5.3" } }, ""],

    "@logtail/types": ["@logtail/types@0.5.3", "", {}, ""],

    "@mentra/sdk": ["@mentra/sdk@2.1.13", "", { "dependencies": { "@logtail/pino": "^0.5.4", "axios": "^1.8.1", "cookie-parser": "^1.4.7", "dotenv": "^16.4.0", "express": "^4.18.2", "jimp": "^1.6.0", "jsonwebtoken": "^8.5.1", "jsrsasign": "^11.1.0", "multer": "^2.0.1", "pino": "^9.6.0", "pino-pretty": "^13.0.0", "ws": "^8.18.2" } }, "sha512-DV8nRG3+cEWHcpzdrtEun3B3EYK4d2ZP+Ip9mNizp68//w1d5zqQnTmgMGKAVcj6BcyFSzQmHc2wHF2k2MJAow=="],

    "@msgpack/msgpack": ["@msgpack/msgpack@2.8.0", "", {}, ""],

    "@tokenizer/token": ["@tokenizer/token@0.3.0", "", {}, "sha512-OvjF+z51L3ov0OyAU0duzsYuvO01PH7x4t6DJx+guahgTnBHkhJdG7soQeTSFLWN3efnHyibZ4Z8l2EuWwJN3A=="],

    "@types/body-parser": ["@types/body-parser@1.19.6", "", { "dependencies": { "@types/connect": "*", "@types/node": "*" } }, ""],

    "@types/bun": ["@types/bun@1.2.18", "", { "dependencies": { "bun-types": "1.2.18" } }, "sha512-Xf6RaWVheyemaThV0kUfaAUvCNokFr+bH8Jxp+tTZfx7dAPA8z9ePnP9S9+Vspzuxxx9JRAXhnyccRj3GyCMdQ=="],

    "@types/connect": ["@types/connect@3.4.38", "", { "dependencies": { "@types/node": "*" } }, ""],

    "@types/cors": ["@types/cors@2.8.19", "", { "dependencies": { "@types/node": "*" } }, ""],

    "@types/express": ["@types/express@4.17.23", "", { "dependencies": { "@types/body-parser": "*", "@types/express-serve-static-core": "^4.17.33", "@types/qs": "*", "@types/serve-static": "*" } }, "sha512-Crp6WY9aTYP3qPi2wGDo9iUe/rceX01UMhnF1jmwDcKCFM6cx7YhGP/Mpr3y9AASpfHixIG0E6azCcL5OcDHsQ=="],

    "@types/express-serve-static-core": ["@types/express-serve-static-core@4.19.6", "", { "dependencies": { "@types/node": "*", "@types/qs": "*", "@types/range-parser": "*", "@types/send": "*" } }, "sha512-N4LZ2xG7DatVqhCZzOGb1Yi5lMbXSZcmdLDe9EzSndPV2HpWYWzRbaerl2n27irrm94EPpprqa8KpskPT085+A=="],

    "@types/http-errors": ["@types/http-errors@2.0.5", "", {}, ""],

    "@types/mime": ["@types/mime@1.3.5", "", {}, ""],

    "@types/node": ["@types/node@24.1.0", "", { "dependencies": { "undici-types": "~7.8.0" } }, "sha512-ut5FthK5moxFKH2T1CUOC6ctR67rQRvvHdFLCD2Ql6KXmMuCrjsSsRI9UsLCm9M18BMwClv4pn327UvB7eeO1w=="],

    "@types/qs": ["@types/qs@6.14.0", "", {}, ""],

    "@types/range-parser": ["@types/range-parser@1.2.7", "", {}, ""],

    "@types/react": ["@types/react@19.1.8", "", { "dependencies": { "csstype": "^3.0.2" } }, "sha512-AwAfQ2Wa5bCx9WP8nZL2uMZWod7J7/JSplxbTmBQ5ms6QpqNYm672H0Vu9ZVKVngQ+ii4R/byguVEUZQyeg44g=="],

    "@types/send": ["@types/send@0.17.5", "", { "dependencies": { "@types/mime": "^1", "@types/node": "*" } }, ""],

    "@types/serve-static": ["@types/serve-static@1.15.8", "", { "dependencies": { "@types/http-errors": "*", "@types/node": "*", "@types/send": "*" } }, ""],

    "@types/stack-trace": ["@types/stack-trace@0.0.33", "", {}, ""],

    "abort-controller": ["abort-controller@3.0.0", "", { "dependencies": { "event-target-shim": "^5.0.0" } }, ""],

    "accepts": ["accepts@1.3.8", "", { "dependencies": { "mime-types": "~2.1.34", "negotiator": "0.6.3" } }, ""],

    "any-base": ["any-base@1.1.0", "", {}, "sha512-uMgjozySS8adZZYePpaWs8cxB9/kdzmpX6SgJZ+wbz1K5eYk5QMYDVJaZKhxyIHUdnnJkfR7SVgStgH7LkGUyg=="],

    "append-field": ["append-field@1.0.0", "", {}, "sha512-klpgFSWLW1ZEs8svjfb7g4qWY0YS5imI82dTg+QahUvJ8YqAY0P10Uk8tTyh9ZGuYEZEMaeJYCF5BFuX552hsw=="],

    "array-flatten": ["array-flatten@1.1.1", "", {}, ""],

    "asynckit": ["asynckit@0.4.0", "", {}, ""],

    "atomic-sleep": ["atomic-sleep@1.0.0", "", {}, ""],

    "await-to-js": ["await-to-js@3.0.0", "", {}, "sha512-zJAaP9zxTcvTHRlejau3ZOY4V7SRpiByf3/dxx2uyKxxor19tpmpV2QRsTKikckwhaPmr2dVpxxMr7jOCYVp5g=="],

    "axios": ["axios@1.9.0", "", { "dependencies": { "follow-redirects": "^1.15.6", "form-data": "^4.0.0", "proxy-from-env": "^1.1.0" } }, ""],

    "balanced-match": ["balanced-match@1.0.2", "", {}, ""],

    "base64-js": ["base64-js@1.5.1", "", {}, ""],

    "bmp-ts": ["bmp-ts@1.0.9", "", {}, "sha512-cTEHk2jLrPyi+12M3dhpEbnnPOsaZuq7C45ylbbQIiWgDFZq4UVYPEY5mlqjvsj/6gJv9qX5sa+ebDzLXT28Vw=="],

    "body-parser": ["body-parser@1.20.3", "", { "dependencies": { "bytes": "3.1.2", "content-type": "~1.0.5", "debug": "2.6.9", "depd": "2.0.0", "destroy": "1.2.0", "http-errors": "2.0.0", "iconv-lite": "0.4.24", "on-finished": "2.4.1", "qs": "6.13.0", "raw-body": "2.5.2", "type-is": "~1.6.18", "unpipe": "1.0.0" } }, ""],

    "brace-expansion": ["brace-expansion@2.0.1", "", { "dependencies": { "balanced-match": "^1.0.0" } }, ""],

    "buffer": ["buffer@6.0.3", "", { "dependencies": { "base64-js": "^1.3.1", "ieee754": "^1.2.1" } }, ""],

    "buffer-equal-constant-time": ["buffer-equal-constant-time@1.0.1", "", {}, ""],

    "buffer-from": ["buffer-from@1.1.2", "", {}, "sha512-E+XQCRwSbaaiChtv6k6Dwgc+bx+Bs6vuKJHHl5kox/BaKbhiXzqQOwK4cO22yElGp2OCmjwVhT3HmxgyPGnJfQ=="],

    "bun-types": ["bun-types@1.2.18", "", { "dependencies": { "@types/node": "*" }, "peerDependencies": { "@types/react": "^19" } }, "sha512-04+Eha5NP7Z0A9YgDAzMk5PHR16ZuLVa83b26kH5+cp1qZW4F6FmAURngE7INf4tKOvCE69vYvDEwoNl1tGiWw=="],

    "busboy": ["busboy@1.6.0", "", { "dependencies": { "streamsearch": "^1.1.0" } }, "sha512-8SFQbg/0hQ9xy3UNTB0YEnsNBbWfhf7RtnzpL7TkBiTBRfrQ9Fxcnz7VJsleJpyp6rVLvXiuORqjlHi5q+PYuA=="],

    "bytes": ["bytes@3.1.2", "", {}, ""],

    "call-bind-apply-helpers": ["call-bind-apply-helpers@1.0.2", "", { "dependencies": { "es-errors": "^1.3.0", "function-bind": "^1.1.2" } }, ""],

    "call-bound": ["call-bound@1.0.4", "", { "dependencies": { "call-bind-apply-helpers": "^1.0.2", "get-intrinsic": "^1.3.0" } }, ""],

    "colorette": ["colorette@2.0.20", "", {}, ""],

    "combined-stream": ["combined-stream@1.0.8", "", { "dependencies": { "delayed-stream": "~1.0.0" } }, ""],

    "concat-stream": ["concat-stream@2.0.0", "", { "dependencies": { "buffer-from": "^1.0.0", "inherits": "^2.0.3", "readable-stream": "^3.0.2", "typedarray": "^0.0.6" } }, "sha512-MWufYdFw53ccGjCA+Ol7XJYpAlW6/prSMzuPOTRnJGcGzuhLn4Scrz7qf6o8bROZ514ltazcIFJZevcfbo0x7A=="],

    "content-disposition": ["content-disposition@0.5.4", "", { "dependencies": { "safe-buffer": "5.2.1" } }, ""],

    "content-type": ["content-type@1.0.5", "", {}, ""],

    "cookie": ["cookie@0.7.2", "", {}, ""],

    "cookie-parser": ["cookie-parser@1.4.7", "", { "dependencies": { "cookie": "0.7.2", "cookie-signature": "1.0.6" } }, ""],

    "cookie-signature": ["cookie-signature@1.0.6", "", {}, ""],

    "cors": ["cors@2.8.5", "", { "dependencies": { "object-assign": "^4", "vary": "^1" } }, ""],

    "csstype": ["csstype@3.1.3", "", {}, "sha512-M1uQkMl8rQK/szD0LNhtqxIPLpimGm8sOBwU7lLnCpSbTyY3yeU1Vc7l4KT5zT4s/yOxHH5O7tIuuLOCnLADRw=="],

    "dateformat": ["dateformat@4.6.3", "", {}, ""],

    "debug": ["debug@2.6.9", "", { "dependencies": { "ms": "2.0.0" } }, ""],

    "delayed-stream": ["delayed-stream@1.0.0", "", {}, ""],

    "depd": ["depd@2.0.0", "", {}, ""],

    "destroy": ["destroy@1.2.0", "", {}, ""],

    "dotenv": ["dotenv@16.6.1", "", {}, ""],

    "dunder-proto": ["dunder-proto@1.0.1", "", { "dependencies": { "call-bind-apply-helpers": "^1.0.1", "es-errors": "^1.3.0", "gopd": "^1.2.0" } }, ""],

    "ecdsa-sig-formatter": ["ecdsa-sig-formatter@1.0.11", "", { "dependencies": { "safe-buffer": "^5.0.1" } }, ""],

    "ee-first": ["ee-first@1.1.1", "", {}, ""],

    "encodeurl": ["encodeurl@2.0.0", "", {}, ""],

    "end-of-stream": ["end-of-stream@1.4.4", "", { "dependencies": { "once": "^1.4.0" } }, ""],

    "es-define-property": ["es-define-property@1.0.1", "", {}, ""],

    "es-errors": ["es-errors@1.3.0", "", {}, ""],

    "es-object-atoms": ["es-object-atoms@1.1.1", "", { "dependencies": { "es-errors": "^1.3.0" } }, ""],

    "es-set-tostringtag": ["es-set-tostringtag@2.1.0", "", { "dependencies": { "es-errors": "^1.3.0", "get-intrinsic": "^1.2.6", "has-tostringtag": "^1.0.2", "hasown": "^2.0.2" } }, ""],

    "esbuild": ["esbuild@0.25.5", "", { "optionalDependencies": { "@esbuild/darwin-arm64": "0.25.5" }, "bin": "bin/esbuild" }, ""],

    "escape-html": ["escape-html@1.0.3", "", {}, ""],

    "etag": ["etag@1.8.1", "", {}, ""],

    "event-target-shim": ["event-target-shim@5.0.1", "", {}, ""],

    "events": ["events@3.3.0", "", {}, ""],

    "exif-parser": ["exif-parser@0.1.12", "", {}, "sha512-c2bQfLNbMzLPmzQuOr8fy0csy84WmwnER81W88DzTp9CYNPJ6yzOj2EZAh9pywYpqHnshVLHQJ8WzldAyfY+Iw=="],

    "express": ["express@4.21.2", "", { "dependencies": { "accepts": "~1.3.8", "array-flatten": "1.1.1", "body-parser": "1.20.3", "content-disposition": "0.5.4", "content-type": "~1.0.4", "cookie": "0.7.1", "cookie-signature": "1.0.6", "debug": "2.6.9", "depd": "2.0.0", "encodeurl": "~2.0.0", "escape-html": "~1.0.3", "etag": "~1.8.1", "finalhandler": "1.3.1", "fresh": "0.5.2", "http-errors": "2.0.0", "merge-descriptors": "1.0.3", "methods": "~1.1.2", "on-finished": "2.4.1", "parseurl": "~1.3.3", "path-to-regexp": "0.1.12", "proxy-addr": "~2.0.7", "qs": "6.13.0", "range-parser": "~1.2.1", "safe-buffer": "5.2.1", "send": "0.19.0", "serve-static": "1.16.2", "setprototypeof": "1.2.0", "statuses": "2.0.1", "type-is": "~1.6.18", "utils-merge": "1.0.1", "vary": "~1.1.2" } }, ""],

    "fast-copy": ["fast-copy@3.0.2", "", {}, ""],

    "fast-redact": ["fast-redact@3.5.0", "", {}, ""],

    "fast-safe-stringify": ["fast-safe-stringify@2.1.1", "", {}, ""],

    "file-type": ["file-type@16.5.4", "", { "dependencies": { "readable-web-to-node-stream": "^3.0.0", "strtok3": "^6.2.4", "token-types": "^4.1.1" } }, "sha512-/yFHK0aGjFEgDJjEKP0pWCplsPFPhwyfwevf/pVxiN0tmE4L9LmwWxWukdJSHdoCli4VgQLehjJtwQBnqmsKcw=="],

    "finalhandler": ["finalhandler@1.3.1", "", { "dependencies": { "debug": "2.6.9", "encodeurl": "~2.0.0", "escape-html": "~1.0.3", "on-finished": "2.4.1", "parseurl": "~1.3.3", "statuses": "2.0.1", "unpipe": "~1.0.0" } }, ""],

    "follow-redirects": ["follow-redirects@1.15.9", "", {}, ""],

    "form-data": ["form-data@4.0.2", "", { "dependencies": { "asynckit": "^0.4.0", "combined-stream": "^1.0.8", "es-set-tostringtag": "^2.1.0", "mime-types": "^2.1.12" } }, ""],

    "forwarded": ["forwarded@0.2.0", "", {}, ""],

    "fresh": ["fresh@0.5.2", "", {}, ""],

    "fsevents": ["fsevents@2.3.3", "", { "os": "darwin" }, ""],

    "function-bind": ["function-bind@1.1.2", "", {}, ""],

    "get-intrinsic": ["get-intrinsic@1.3.0", "", { "dependencies": { "call-bind-apply-helpers": "^1.0.2", "es-define-property": "^1.0.1", "es-errors": "^1.3.0", "es-object-atoms": "^1.1.1", "function-bind": "^1.1.2", "get-proto": "^1.0.1", "gopd": "^1.2.0", "has-symbols": "^1.1.0", "hasown": "^2.0.2", "math-intrinsics": "^1.1.0" } }, ""],

    "get-proto": ["get-proto@1.0.1", "", { "dependencies": { "dunder-proto": "^1.0.1", "es-object-atoms": "^1.0.0" } }, ""],

    "get-tsconfig": ["get-tsconfig@4.10.1", "", { "dependencies": { "resolve-pkg-maps": "^1.0.0" } }, ""],

    "gifwrap": ["gifwrap@0.10.1", "", { "dependencies": { "image-q": "^4.0.0", "omggif": "^1.0.10" } }, "sha512-2760b1vpJHNmLzZ/ubTtNnEx5WApN/PYWJvXvgS+tL1egTTthayFYIQQNi136FLEDcN/IyEY2EcGpIITD6eYUw=="],

    "gopd": ["gopd@1.2.0", "", {}, ""],

    "has-symbols": ["has-symbols@1.1.0", "", {}, ""],

    "has-tostringtag": ["has-tostringtag@1.0.2", "", { "dependencies": { "has-symbols": "^1.0.3" } }, ""],

    "hasown": ["hasown@2.0.2", "", { "dependencies": { "function-bind": "^1.1.2" } }, ""],

    "help-me": ["help-me@5.0.0", "", {}, ""],

    "http-errors": ["http-errors@2.0.0", "", { "dependencies": { "depd": "2.0.0", "inherits": "2.0.4", "setprototypeof": "1.2.0", "statuses": "2.0.1", "toidentifier": "1.0.1" } }, ""],

    "iconv-lite": ["iconv-lite@0.4.24", "", { "dependencies": { "safer-buffer": ">= 2.1.2 < 3" } }, ""],

    "ieee754": ["ieee754@1.2.1", "", {}, ""],

    "image-q": ["image-q@4.0.0", "", { "dependencies": { "@types/node": "16.9.1" } }, "sha512-PfJGVgIfKQJuq3s0tTDOKtztksibuUEbJQIYT3by6wctQo+Rdlh7ef4evJ5NCdxY4CfMbvFkocEwbl4BF8RlJw=="],

    "inherits": ["inherits@2.0.4", "", {}, ""],

    "ipaddr.js": ["ipaddr.js@1.9.1", "", {}, ""],

    "jimp": ["jimp@1.6.0", "", { "dependencies": { "@jimp/core": "1.6.0", "@jimp/diff": "1.6.0", "@jimp/js-bmp": "1.6.0", "@jimp/js-gif": "1.6.0", "@jimp/js-jpeg": "1.6.0", "@jimp/js-png": "1.6.0", "@jimp/js-tiff": "1.6.0", "@jimp/plugin-blit": "1.6.0", "@jimp/plugin-blur": "1.6.0", "@jimp/plugin-circle": "1.6.0", "@jimp/plugin-color": "1.6.0", "@jimp/plugin-contain": "1.6.0", "@jimp/plugin-cover": "1.6.0", "@jimp/plugin-crop": "1.6.0", "@jimp/plugin-displace": "1.6.0", "@jimp/plugin-dither": "1.6.0", "@jimp/plugin-fisheye": "1.6.0", "@jimp/plugin-flip": "1.6.0", "@jimp/plugin-hash": "1.6.0", "@jimp/plugin-mask": "1.6.0", "@jimp/plugin-print": "1.6.0", "@jimp/plugin-quantize": "1.6.0", "@jimp/plugin-resize": "1.6.0", "@jimp/plugin-rotate": "1.6.0", "@jimp/plugin-threshold": "1.6.0", "@jimp/types": "1.6.0", "@jimp/utils": "1.6.0" } }, "sha512-YcwCHw1kiqEeI5xRpDlPPBGL2EOpBKLwO4yIBJcXWHPj5PnA5urGq0jbyhM5KoNpypQ6VboSoxc9D8HyfvngSg=="],

    "joycon": ["joycon@3.1.1", "", {}, ""],

    "jpeg-js": ["jpeg-js@0.4.4", "", {}, "sha512-WZzeDOEtTOBK4Mdsar0IqEU5sMr3vSV2RqkAIzUEV2BHnUfKGyswWFPFwK5EeDo93K3FohSHbLAjj0s1Wzd+dg=="],

    "jsonwebtoken": ["jsonwebtoken@8.5.1", "", { "dependencies": { "jws": "^3.2.2", "lodash.includes": "^4.3.0", "lodash.isboolean": "^3.0.3", "lodash.isinteger": "^4.0.4", "lodash.isnumber": "^3.0.3", "lodash.isplainobject": "^4.0.6", "lodash.isstring": "^4.0.1", "lodash.once": "^4.0.0", "ms": "^2.1.1", "semver": "^5.6.0" } }, ""],

    "jsrsasign": ["jsrsasign@11.1.0", "", {}, ""],

    "jwa": ["jwa@1.4.2", "", { "dependencies": { "buffer-equal-constant-time": "^1.0.1", "ecdsa-sig-formatter": "1.0.11", "safe-buffer": "^5.0.1" } }, ""],

    "jws": ["jws@3.2.2", "", { "dependencies": { "jwa": "^1.4.1", "safe-buffer": "^5.0.1" } }, ""],

    "lodash.includes": ["lodash.includes@4.3.0", "", {}, ""],

    "lodash.isboolean": ["lodash.isboolean@3.0.3", "", {}, ""],

    "lodash.isinteger": ["lodash.isinteger@4.0.4", "", {}, ""],

    "lodash.isnumber": ["lodash.isnumber@3.0.3", "", {}, ""],

    "lodash.isplainobject": ["lodash.isplainobject@4.0.6", "", {}, ""],

    "lodash.isstring": ["lodash.isstring@4.0.1", "", {}, ""],

    "lodash.once": ["lodash.once@4.1.1", "", {}, ""],

    "math-intrinsics": ["math-intrinsics@1.1.0", "", {}, ""],

    "media-typer": ["media-typer@0.3.0", "", {}, ""],

    "merge-descriptors": ["merge-descriptors@1.0.3", "", {}, ""],

    "methods": ["methods@1.1.2", "", {}, ""],

    "mime": ["mime@1.6.0", "", { "bin": "cli.js" }, ""],

    "mime-db": ["mime-db@1.52.0", "", {}, ""],

    "mime-types": ["mime-types@2.1.35", "", { "dependencies": { "mime-db": "1.52.0" } }, ""],

    "minimatch": ["minimatch@9.0.5", "", { "dependencies": { "brace-expansion": "^2.0.1" } }, ""],

    "minimist": ["minimist@1.2.8", "", {}, ""],

    "mkdirp": ["mkdirp@0.5.6", "", { "dependencies": { "minimist": "^1.2.6" }, "bin": { "mkdirp": "bin/cmd.js" } }, "sha512-FP+p8RB8OWpF3YZBCrP5gtADmtXApB5AMLn+vdyA+PyxCjrCs00mjyUozssO33cwDeT3wNGdLxJ5M//YqtHAJw=="],

    "ms": ["ms@2.1.3", "", {}, ""],

    "multer": ["multer@2.0.1", "", { "dependencies": { "append-field": "^1.0.0", "busboy": "^1.6.0", "concat-stream": "^2.0.0", "mkdirp": "^0.5.6", "object-assign": "^4.1.1", "type-is": "^1.6.18", "xtend": "^4.0.2" } }, "sha512-Ug8bXeTIUlxurg8xLTEskKShvcKDZALo1THEX5E41pYCD2sCVub5/kIRIGqWNoqV6szyLyQKV6mD4QUrWE5GCQ=="],

    "negotiator": ["negotiator@0.6.3", "", {}, ""],

    "object-assign": ["object-assign@4.1.1", "", {}, ""],

    "object-inspect": ["object-inspect@1.13.4", "", {}, ""],

    "omggif": ["omggif@1.0.10", "", {}, "sha512-LMJTtvgc/nugXj0Vcrrs68Mn2D1r0zf630VNtqtpI1FEO7e+O9FP4gqs9AcnBaSEeoHIPm28u6qgPR0oyEpGSw=="],

    "on-exit-leak-free": ["on-exit-leak-free@2.1.2", "", {}, ""],

    "on-finished": ["on-finished@2.4.1", "", { "dependencies": { "ee-first": "1.1.1" } }, ""],

    "once": ["once@1.4.0", "", { "dependencies": { "wrappy": "1" } }, ""],

    "pako": ["pako@1.0.11", "", {}, "sha512-4hLB8Py4zZce5s4yd9XzopqwVv/yGNhV1Bl8NTmCq1763HeK2+EwVTv+leGeL13Dnh2wfbqowVPXCIO0z4taYw=="],

    "parse-bmfont-ascii": ["parse-bmfont-ascii@1.0.6", "", {}, "sha512-U4RrVsUFCleIOBsIGYOMKjn9PavsGOXxbvYGtMOEfnId0SVNsgehXh1DxUdVPLoxd5mvcEtvmKs2Mmf0Mpa1ZA=="],

    "parse-bmfont-binary": ["parse-bmfont-binary@1.0.6", "", {}, "sha512-GxmsRea0wdGdYthjuUeWTMWPqm2+FAd4GI8vCvhgJsFnoGhTrLhXDDupwTo7rXVAgaLIGoVHDZS9p/5XbSqeWA=="],

    "parse-bmfont-xml": ["parse-bmfont-xml@1.1.6", "", { "dependencies": { "xml-parse-from-string": "^1.0.0", "xml2js": "^0.5.0" } }, "sha512-0cEliVMZEhrFDwMh4SxIyVJpqYoOWDJ9P895tFuS+XuNzI5UBmBk5U5O4KuJdTnZpSBI4LFA2+ZiJaiwfSwlMA=="],

    "parseurl": ["parseurl@1.3.3", "", {}, ""],

    "path-to-regexp": ["path-to-regexp@0.1.12", "", {}, ""],

    "peek-readable": ["peek-readable@4.1.0", "", {}, "sha512-ZI3LnwUv5nOGbQzD9c2iDG6toheuXSZP5esSHBjopsXH4dg19soufvpUGA3uohi5anFtGb2lhAVdHzH6R/Evvg=="],

    "pino": ["pino@9.7.0", "", { "dependencies": { "atomic-sleep": "^1.0.0", "fast-redact": "^3.1.1", "on-exit-leak-free": "^2.1.0", "pino-abstract-transport": "^2.0.0", "pino-std-serializers": "^7.0.0", "process-warning": "^5.0.0", "quick-format-unescaped": "^4.0.3", "real-require": "^0.2.0", "safe-stable-stringify": "^2.3.1", "sonic-boom": "^4.0.1", "thread-stream": "^3.0.0" }, "bin": "bin.js" }, ""],

    "pino-abstract-transport": ["pino-abstract-transport@1.2.0", "", { "dependencies": { "readable-stream": "^4.0.0", "split2": "^4.0.0" } }, ""],

    "pino-pretty": ["pino-pretty@13.0.0", "", { "dependencies": { "colorette": "^2.0.7", "dateformat": "^4.6.3", "fast-copy": "^3.0.2", "fast-safe-stringify": "^2.1.1", "help-me": "^5.0.0", "joycon": "^3.1.1", "minimist": "^1.2.6", "on-exit-leak-free": "^2.1.0", "pino-abstract-transport": "^2.0.0", "pump": "^3.0.0", "secure-json-parse": "^2.4.0", "sonic-boom": "^4.0.1", "strip-json-comments": "^3.1.1" }, "bin": "bin.js" }, ""],

    "pino-std-serializers": ["pino-std-serializers@7.0.0", "", {}, ""],

    "pixelmatch": ["pixelmatch@5.3.0", "", { "dependencies": { "pngjs": "^6.0.0" }, "bin": { "pixelmatch": "bin/pixelmatch" } }, "sha512-o8mkY4E/+LNUf6LzX96ht6k6CEDi65k9G2rjMtBe9Oo+VPKSvl+0GKHuH/AlG+GA5LPG/i5hrekkxUc3s2HU+Q=="],

    "pngjs": ["pngjs@7.0.0", "", {}, "sha512-LKWqWJRhstyYo9pGvgor/ivk2w94eSjE3RGVuzLGlr3NmD8bf7RcYGze1mNdEHRP6TRP6rMuDHk5t44hnTRyow=="],

    "process": ["process@0.11.10", "", {}, ""],

    "process-warning": ["process-warning@5.0.0", "", {}, ""],

    "proxy-addr": ["proxy-addr@2.0.7", "", { "dependencies": { "forwarded": "0.2.0", "ipaddr.js": "1.9.1" } }, ""],

    "proxy-from-env": ["proxy-from-env@1.1.0", "", {}, ""],

    "pump": ["pump@3.0.2", "", { "dependencies": { "end-of-stream": "^1.1.0", "once": "^1.3.1" } }, ""],

    "qs": ["qs@6.13.0", "", { "dependencies": { "side-channel": "^1.0.6" } }, ""],

    "quick-format-unescaped": ["quick-format-unescaped@4.0.4", "", {}, ""],

    "range-parser": ["range-parser@1.2.1", "", {}, ""],

    "raw-body": ["raw-body@2.5.2", "", { "dependencies": { "bytes": "3.1.2", "http-errors": "2.0.0", "iconv-lite": "0.4.24", "unpipe": "1.0.0" } }, ""],

    "readable-stream": ["readable-stream@4.7.0", "", { "dependencies": { "abort-controller": "^3.0.0", "buffer": "^6.0.3", "events": "^3.3.0", "process": "^0.11.10", "string_decoder": "^1.3.0" } }, ""],

    "readable-web-to-node-stream": ["readable-web-to-node-stream@3.0.4", "", { "dependencies": { "readable-stream": "^4.7.0" } }, "sha512-9nX56alTf5bwXQ3ZDipHJhusu9NTQJ/CVPtb/XHAJCXihZeitfJvIRS4GqQ/mfIoOE3IelHMrpayVrosdHBuLw=="],

    "real-require": ["real-require@0.2.0", "", {}, ""],

    "resolve-pkg-maps": ["resolve-pkg-maps@1.0.0", "", {}, ""],

    "safe-buffer": ["safe-buffer@5.2.1", "", {}, ""],

    "safe-stable-stringify": ["safe-stable-stringify@2.5.0", "", {}, ""],

    "safer-buffer": ["safer-buffer@2.1.2", "", {}, ""],

    "sax": ["sax@1.4.1", "", {}, "sha512-+aWOz7yVScEGoKNd4PA10LZ8sk0A/z5+nXQG5giUO5rprX9jgYsTdov9qCchZiPIZezbZH+jRut8nPodFAX4Jg=="],

    "secure-json-parse": ["secure-json-parse@2.7.0", "", {}, ""],

    "semver": ["semver@5.7.2", "", { "bin": "bin/semver" }, ""],

    "send": ["send@0.19.0", "", { "dependencies": { "debug": "2.6.9", "depd": "2.0.0", "destroy": "1.2.0", "encodeurl": "~1.0.2", "escape-html": "~1.0.3", "etag": "~1.8.1", "fresh": "0.5.2", "http-errors": "2.0.0", "mime": "1.6.0", "ms": "2.1.3", "on-finished": "2.4.1", "range-parser": "~1.2.1", "statuses": "2.0.1" } }, ""],

    "serialize-error": ["serialize-error@8.1.0", "", { "dependencies": { "type-fest": "^0.20.2" } }, ""],

    "serve-static": ["serve-static@1.16.2", "", { "dependencies": { "encodeurl": "~2.0.0", "escape-html": "~1.0.3", "parseurl": "~1.3.3", "send": "0.19.0" } }, ""],

    "setprototypeof": ["setprototypeof@1.2.0", "", {}, ""],

    "side-channel": ["side-channel@1.1.0", "", { "dependencies": { "es-errors": "^1.3.0", "object-inspect": "^1.13.3", "side-channel-list": "^1.0.0", "side-channel-map": "^1.0.1", "side-channel-weakmap": "^1.0.2" } }, ""],

    "side-channel-list": ["side-channel-list@1.0.0", "", { "dependencies": { "es-errors": "^1.3.0", "object-inspect": "^1.13.3" } }, ""],

    "side-channel-map": ["side-channel-map@1.0.1", "", { "dependencies": { "call-bound": "^1.0.2", "es-errors": "^1.3.0", "get-intrinsic": "^1.2.5", "object-inspect": "^1.13.3" } }, ""],

    "side-channel-weakmap": ["side-channel-weakmap@1.0.2", "", { "dependencies": { "call-bound": "^1.0.2", "es-errors": "^1.3.0", "get-intrinsic": "^1.2.5", "object-inspect": "^1.13.3", "side-channel-map": "^1.0.1" } }, ""],

    "simple-xml-to-json": ["simple-xml-to-json@1.2.3", "", {}, "sha512-kWJDCr9EWtZ+/EYYM5MareWj2cRnZGF93YDNpH4jQiHB+hBIZnfPFSQiVMzZOdk+zXWqTZ/9fTeQNu2DqeiudA=="],

    "sonic-boom": ["sonic-boom@4.2.0", "", { "dependencies": { "atomic-sleep": "^1.0.0" } }, ""],

    "split2": ["split2@4.2.0", "", {}, ""],

    "stack-trace": ["stack-trace@0.0.10", "", {}, ""],

    "statuses": ["statuses@2.0.1", "", {}, ""],

    "streamsearch": ["streamsearch@1.1.0", "", {}, "sha512-Mcc5wHehp9aXz1ax6bZUyY5afg9u2rv5cqQI3mRrYkGC8rW2hM02jWuwjtL++LS5qinSyhj2QfLyNsuc+VsExg=="],

    "string_decoder": ["string_decoder@1.3.0", "", { "dependencies": { "safe-buffer": "~5.2.0" } }, ""],

    "strip-json-comments": ["strip-json-comments@3.1.1", "", {}, ""],

    "strtok3": ["strtok3@6.3.0", "", { "dependencies": { "@tokenizer/token": "^0.3.0", "peek-readable": "^4.1.0" } }, "sha512-fZtbhtvI9I48xDSywd/somNqgUHl2L2cstmXCCif0itOf96jeW18MBSyrLuNicYQVkvpOxkZtkzujiTJ9LW5Jw=="],

    "thread-stream": ["thread-stream@3.1.0", "", { "dependencies": { "real-require": "^0.2.0" } }, ""],

    "tinycolor2": ["tinycolor2@1.6.0", "", {}, "sha512-XPaBkWQJdsf3pLKJV9p4qN/S+fm2Oj8AIPo1BTUhg5oxkvm9+SVEGFdhyOz7tTdUTfvxMiAs4sp6/eZO2Ew+pw=="],

    "toidentifier": ["toidentifier@1.0.1", "", {}, ""],

    "token-types": ["token-types@4.2.1", "", { "dependencies": { "@tokenizer/token": "^0.3.0", "ieee754": "^1.2.1" } }, "sha512-6udB24Q737UD/SDsKAHI9FCRP7Bqc9D/MQUV02ORQg5iskjtLJlZJNdN4kKtcdtwCeWIwIHDGaUsTsCCAa8sFQ=="],

    "tsx": ["tsx@4.20.3", "", { "dependencies": { "esbuild": "~0.25.0", "get-tsconfig": "^4.7.5" }, "optionalDependencies": { "fsevents": "~2.3.3" }, "bin": { "tsx": "dist/cli.mjs" } }, "sha512-qjbnuR9Tr+FJOMBqJCW5ehvIo/buZq7vH7qD7JziU98h6l3qGy0a/yPFjwO+y0/T7GFpNgNAvEcPPVfyT8rrPQ=="],

    "type-fest": ["type-fest@0.20.2", "", {}, ""],

    "type-is": ["type-is@1.6.18", "", { "dependencies": { "media-typer": "0.3.0", "mime-types": "~2.1.24" } }, ""],

    "typedarray": ["typedarray@0.0.6", "", {}, "sha512-/aCDEGatGvZ2BIk+HmLf4ifCJFwvKFNb9/JeZPMulfgFracn9QFcAf5GO8B/mweUjSoblS5In0cWhqpfs/5PQA=="],

    "typescript": ["typescript@5.8.3", "", { "bin": { "tsc": "bin/tsc", "tsserver": "bin/tsserver" } }, ""],

    "undici-types": ["undici-types@7.8.0", "", {}, "sha512-9UJ2xGDvQ43tYyVMpuHlsgApydB8ZKfVYTsLDhXkFL/6gfkp+U8xTGdh8pMJv1SpZna0zxG1DwsKZsreLbXBxw=="],

    "unpipe": ["unpipe@1.0.0", "", {}, ""],

    "utif2": ["utif2@4.1.0", "", { "dependencies": { "pako": "^1.0.11" } }, "sha512-+oknB9FHrJ7oW7A2WZYajOcv4FcDR4CfoGB0dPNfxbi4GO05RRnFmt5oa23+9w32EanrYcSJWspUiJkLMs+37w=="],

    "util-deprecate": ["util-deprecate@1.0.2", "", {}, "sha512-EPD5q1uXyFxJpCrLnCc1nHnq3gOa6DZBocAIiI2TaSCA7VCJ1UJDMagCzIkXNsUYfD1daK//LTEQ8xiIbrHtcw=="],

    "utils-merge": ["utils-merge@1.0.1", "", {}, ""],

    "vary": ["vary@1.1.2", "", {}, ""],

    "wrappy": ["wrappy@1.0.2", "", {}, ""],

    "ws": ["ws@8.18.2", "", { "peerDependencies": { "bufferutil": "^4.0.1", "utf-8-validate": ">=5.0.2" }, "optionalPeers": ["bufferutil", "utf-8-validate"] }, ""],

    "xml-parse-from-string": ["xml-parse-from-string@1.0.1", "", {}, "sha512-ErcKwJTF54uRzzNMXq2X5sMIy88zJvfN2DmdoQvy7PAFJ+tPRU6ydWuOKNMyfmOjdyBQTFREi60s0Y0SyI0G0g=="],

    "xml2js": ["xml2js@0.5.0", "", { "dependencies": { "sax": ">=0.6.0", "xmlbuilder": "~11.0.0" } }, "sha512-drPFnkQJik/O+uPKpqSgr22mpuFHqKdbS835iAQrUC73L2F5WkboIRd63ai/2Yg6I1jzifPFKH2NTK+cfglkIA=="],

    "xmlbuilder": ["xmlbuilder@11.0.1", "", {}, "sha512-fDlsI/kFEx7gLvbecc0/ohLG50fugQp8ryHzMTuW9vSa1GJ0XYWKnhsUx7oie3G98+r56aTQIUB4kht42R3JvA=="],

    "xtend": ["xtend@4.0.2", "", {}, "sha512-LKYU1iAXJXUgAXn9URjiu+MWhyUXHsvfp7mcuYm9dSUKK0/CjtrUwFAxD82/mCWbtLsGjFIad0wIsod4zrTAEQ=="],

    "zod": ["zod@3.25.76", "", {}, "sha512-gzUt/qt81nXsFGKIFcC3YnfEAx5NkunCfnDlvuBSSFS02bcXu4Lmea0AFIUwbLWxWPx3d9p8S5QoaujKcNQxcQ=="],

    "@jimp/core/mime": ["mime@3.0.0", "", { "bin": { "mime": "cli.js" } }, "sha512-jSCU7/VB1loIWBZe14aEYHU/+1UMEHoaO7qxCOVJOw9GgH72VAWppxNcjU+x9a2k3GSIBXNKxXQFqRvvZ7vr3A=="],

    "@types/body-parser/@types/node": ["@types/node@22.15.29", "", { "dependencies": { "undici-types": "~6.21.0" } }, ""],

    "@types/connect/@types/node": ["@types/node@22.15.29", "", { "dependencies": { "undici-types": "~6.21.0" } }, ""],

    "@types/cors/@types/node": ["@types/node@22.15.29", "", { "dependencies": { "undici-types": "~6.21.0" } }, ""],

    "@types/express-serve-static-core/@types/node": ["@types/node@22.15.29", "", { "dependencies": { "undici-types": "~6.21.0" } }, ""],

    "@types/send/@types/node": ["@types/node@22.15.29", "", { "dependencies": { "undici-types": "~6.21.0" } }, ""],

    "@types/serve-static/@types/node": ["@types/node@22.15.29", "", { "dependencies": { "undici-types": "~6.21.0" } }, ""],

    "bun-types/@types/node": ["@types/node@20.17.57", "", { "dependencies": { "undici-types": "~6.19.2" } }, ""],

    "concat-stream/readable-stream": ["readable-stream@3.6.2", "", { "dependencies": { "inherits": "^2.0.3", "string_decoder": "^1.1.1", "util-deprecate": "^1.0.1" } }, "sha512-9u/sniCrY3D5WdsERHzHE4G2YCXqoG5FTHUiCC4SIbr6XcLZBY05ya9EKjYek9O5xOAwjGq+1JdGBAS7Q9ScoA=="],

    "debug/ms": ["ms@2.0.0", "", {}, ""],

    "express/cookie": ["cookie@0.7.1", "", {}, ""],

    "image-q/@types/node": ["@types/node@16.9.1", "", {}, "sha512-QpLcX9ZSsq3YYUUnD3nFDY8H7wctAhQj/TFKL8Ya8v5fMm3CFXxo8zStsLAl780ltoYoo1WvKUVGBQK+1ifr7g=="],

    "pino/pino-abstract-transport": ["pino-abstract-transport@2.0.0", "", { "dependencies": { "split2": "^4.0.0" } }, ""],

    "pino-pretty/pino-abstract-transport": ["pino-abstract-transport@2.0.0", "", { "dependencies": { "split2": "^4.0.0" } }, ""],

    "pixelmatch/pngjs": ["pngjs@6.0.0", "", {}, "sha512-TRzzuFRRmEoSW/p1KVAmiOgPco2Irlah+bGFCeNfJXxxYGwSw7YwAOAcd7X28K/m5bjBWKsC29KyoMfHbypayg=="],

    "send/encodeurl": ["encodeurl@1.0.2", "", {}, ""],

    "@types/body-parser/@types/node/undici-types": ["undici-types@6.21.0", "", {}, ""],

    "@types/connect/@types/node/undici-types": ["undici-types@6.21.0", "", {}, ""],

    "@types/cors/@types/node/undici-types": ["undici-types@6.21.0", "", {}, ""],

    "@types/express-serve-static-core/@types/node/undici-types": ["undici-types@6.21.0", "", {}, ""],

    "@types/send/@types/node/undici-types": ["undici-types@6.21.0", "", {}, ""],

    "@types/serve-static/@types/node/undici-types": ["undici-types@6.21.0", "", {}, ""],

    "bun-types/@types/node/undici-types": ["undici-types@6.19.8", "", {}, ""],
  }
}
