{
  "lockfileVersion": 1,
  "workspaces": {
    "": {
      "name": "run-app",
      "dependencies": {
        "@mentra/sdk": "^2.1.2",
        "@types/cors": "^2.8.19",
        "cors": "^2.8.5",
      },
      "devDependencies": {
        "@types/bun": "latest",
        "@types/express": "^4.17.17",
        "@types/node": "^24.0.13",
        "tsx": "^4.20.3",
        "typescript": "^5.8.3",
      },
      "peerDependencies": {
        "typescript": "^5.8.3",
      },
    },
  },
  "packages": {
    "@esbuild/darwin-arm64": ["@esbuild/darwin-arm64@0.25.5", "", { "os": "darwin", "cpu": "arm64" }, ""],

    "@logtail/core": ["@logtail/core@0.5.4", "", { "dependencies": { "@logtail/tools": "^0.5.4", "@logtail/types": "^0.5.3", "serialize-error": "8.1.0" } }, ""],

    "@logtail/node": ["@logtail/node@0.5.5", "", { "dependencies": { "@logtail/core": "^0.5.4", "@logtail/types": "^0.5.3", "@msgpack/msgpack": "^2.5.1", "@types/stack-trace": "^0.0.33", "minimatch": "^9.0.5", "stack-trace": "0.0.10" } }, ""],

    "@logtail/pino": ["@logtail/pino@0.5.5", "", { "dependencies": { "@logtail/node": "^0.5.5", "@logtail/types": "^0.5.3", "pino-abstract-transport": "^1.0.0" }, "peerDependencies": { "pino": "^7.0.0 || ^8.0.0 || ^9.0.0" } }, ""],

    "@logtail/tools": ["@logtail/tools@0.5.4", "", { "dependencies": { "@logtail/types": "^0.5.3" } }, ""],

    "@logtail/types": ["@logtail/types@0.5.3", "", {}, ""],

    "@mentra/sdk": ["@mentra/sdk@2.1.2", "", { "dependencies": { "@logtail/pino": "^0.5.4", "axios": "^1.8.1", "cookie-parser": "^1.4.7", "dotenv": "^16.4.0", "express": "^4.18.2", "jsonwebtoken": "^8.5.1", "jsrsasign": "^11.1.0", "multer": "^2.0.1", "pino": "^9.6.0", "pino-pretty": "^13.0.0", "ws": "^8.18.2" } }, "sha512-0k7F/D8SGJGmdh5V09w7QATkBlCiysa1ZR3MzFjmSprhdNuMt6WAJm87YaQeHgYhSpr4riiMbPmCe4O9LQuAWg=="],

    "@msgpack/msgpack": ["@msgpack/msgpack@2.8.0", "", {}, ""],

    "@types/body-parser": ["@types/body-parser@1.19.6", "", { "dependencies": { "@types/connect": "*", "@types/node": "*" } }, ""],

    "@types/bun": ["@types/bun@1.2.18", "", { "dependencies": { "bun-types": "1.2.18" } }, "sha512-Xf6RaWVheyemaThV0kUfaAUvCNokFr+bH8Jxp+tTZfx7dAPA8z9ePnP9S9+Vspzuxxx9JRAXhnyccRj3GyCMdQ=="],

    "@types/connect": ["@types/connect@3.4.38", "", { "dependencies": { "@types/node": "*" } }, ""],

    "@types/cors": ["@types/cors@2.8.19", "", { "dependencies": { "@types/node": "*" } }, ""],

    "@types/express": ["@types/express@4.17.23", "", { "dependencies": { "@types/body-parser": "*", "@types/express-serve-static-core": "^4.17.33", "@types/qs": "*", "@types/serve-static": "*" } }, "sha512-Crp6WY9aTYP3qPi2wGDo9iUe/rceX01UMhnF1jmwDcKCFM6cx7YhGP/Mpr3y9AASpfHixIG0E6azCcL5OcDHsQ=="],

    "@types/express-serve-static-core": ["@types/express-serve-static-core@4.19.6", "", { "dependencies": { "@types/node": "*", "@types/qs": "*", "@types/range-parser": "*", "@types/send": "*" } }, "sha512-N4LZ2xG7DatVqhCZzOGb1Yi5lMbXSZcmdLDe9EzSndPV2HpWYWzRbaerl2n27irrm94EPpprqa8KpskPT085+A=="],

    "@types/http-errors": ["@types/http-errors@2.0.5", "", {}, ""],

    "@types/mime": ["@types/mime@1.3.5", "", {}, ""],

    "@types/node": ["@types/node@24.0.13", "", { "dependencies": { "undici-types": "~7.8.0" } }, "sha512-Qm9OYVOFHFYg3wJoTSrz80hoec5Lia/dPp84do3X7dZvLikQvM1YpmvTBEdIr/e+U8HTkFjLHLnl78K/qjf+jQ=="],

    "@types/qs": ["@types/qs@6.14.0", "", {}, ""],

    "@types/range-parser": ["@types/range-parser@1.2.7", "", {}, ""],

    "@types/react": ["@types/react@19.1.8", "", { "dependencies": { "csstype": "^3.0.2" } }, "sha512-AwAfQ2Wa5bCx9WP8nZL2uMZWod7J7/JSplxbTmBQ5ms6QpqNYm672H0Vu9ZVKVngQ+ii4R/byguVEUZQyeg44g=="],

    "@types/send": ["@types/send@0.17.5", "", { "dependencies": { "@types/mime": "^1", "@types/node": "*" } }, ""],

    "@types/serve-static": ["@types/serve-static@1.15.8", "", { "dependencies": { "@types/http-errors": "*", "@types/node": "*", "@types/send": "*" } }, ""],

    "@types/stack-trace": ["@types/stack-trace@0.0.33", "", {}, ""],

    "abort-controller": ["abort-controller@3.0.0", "", { "dependencies": { "event-target-shim": "^5.0.0" } }, ""],

    "accepts": ["accepts@1.3.8", "", { "dependencies": { "mime-types": "~2.1.34", "negotiator": "0.6.3" } }, ""],

    "append-field": ["append-field@1.0.0", "", {}, "sha512-klpgFSWLW1ZEs8svjfb7g4qWY0YS5imI82dTg+QahUvJ8YqAY0P10Uk8tTyh9ZGuYEZEMaeJYCF5BFuX552hsw=="],

    "array-flatten": ["array-flatten@1.1.1", "", {}, ""],

    "asynckit": ["asynckit@0.4.0", "", {}, ""],

    "atomic-sleep": ["atomic-sleep@1.0.0", "", {}, ""],

    "axios": ["axios@1.9.0", "", { "dependencies": { "follow-redirects": "^1.15.6", "form-data": "^4.0.0", "proxy-from-env": "^1.1.0" } }, ""],

    "balanced-match": ["balanced-match@1.0.2", "", {}, ""],

    "base64-js": ["base64-js@1.5.1", "", {}, ""],

    "body-parser": ["body-parser@1.20.3", "", { "dependencies": { "bytes": "3.1.2", "content-type": "~1.0.5", "debug": "2.6.9", "depd": "2.0.0", "destroy": "1.2.0", "http-errors": "2.0.0", "iconv-lite": "0.4.24", "on-finished": "2.4.1", "qs": "6.13.0", "raw-body": "2.5.2", "type-is": "~1.6.18", "unpipe": "1.0.0" } }, ""],

    "brace-expansion": ["brace-expansion@2.0.1", "", { "dependencies": { "balanced-match": "^1.0.0" } }, ""],

    "buffer": ["buffer@6.0.3", "", { "dependencies": { "base64-js": "^1.3.1", "ieee754": "^1.2.1" } }, ""],

    "buffer-equal-constant-time": ["buffer-equal-constant-time@1.0.1", "", {}, ""],

    "buffer-from": ["buffer-from@1.1.2", "", {}, "sha512-E+XQCRwSbaaiChtv6k6Dwgc+bx+Bs6vuKJHHl5kox/BaKbhiXzqQOwK4cO22yElGp2OCmjwVhT3HmxgyPGnJfQ=="],

    "bun-types": ["bun-types@1.2.18", "", { "dependencies": { "@types/node": "*" }, "peerDependencies": { "@types/react": "^19" } }, "sha512-04+Eha5NP7Z0A9YgDAzMk5PHR16ZuLVa83b26kH5+cp1qZW4F6FmAURngE7INf4tKOvCE69vYvDEwoNl1tGiWw=="],

    "busboy": ["busboy@1.6.0", "", { "dependencies": { "streamsearch": "^1.1.0" } }, "sha512-8SFQbg/0hQ9xy3UNTB0YEnsNBbWfhf7RtnzpL7TkBiTBRfrQ9Fxcnz7VJsleJpyp6rVLvXiuORqjlHi5q+PYuA=="],

    "bytes": ["bytes@3.1.2", "", {}, ""],

    "call-bind-apply-helpers": ["call-bind-apply-helpers@1.0.2", "", { "dependencies": { "es-errors": "^1.3.0", "function-bind": "^1.1.2" } }, ""],

    "call-bound": ["call-bound@1.0.4", "", { "dependencies": { "call-bind-apply-helpers": "^1.0.2", "get-intrinsic": "^1.3.0" } }, ""],

    "colorette": ["colorette@2.0.20", "", {}, ""],

    "combined-stream": ["combined-stream@1.0.8", "", { "dependencies": { "delayed-stream": "~1.0.0" } }, ""],

    "concat-stream": ["concat-stream@2.0.0", "", { "dependencies": { "buffer-from": "^1.0.0", "inherits": "^2.0.3", "readable-stream": "^3.0.2", "typedarray": "^0.0.6" } }, "sha512-MWufYdFw53ccGjCA+Ol7XJYpAlW6/prSMzuPOTRnJGcGzuhLn4Scrz7qf6o8bROZ514ltazcIFJZevcfbo0x7A=="],

    "content-disposition": ["content-disposition@0.5.4", "", { "dependencies": { "safe-buffer": "5.2.1" } }, ""],

    "content-type": ["content-type@1.0.5", "", {}, ""],

    "cookie": ["cookie@0.7.2", "", {}, ""],

    "cookie-parser": ["cookie-parser@1.4.7", "", { "dependencies": { "cookie": "0.7.2", "cookie-signature": "1.0.6" } }, ""],

    "cookie-signature": ["cookie-signature@1.0.6", "", {}, ""],

    "cors": ["cors@2.8.5", "", { "dependencies": { "object-assign": "^4", "vary": "^1" } }, ""],

    "csstype": ["csstype@3.1.3", "", {}, "sha512-M1uQkMl8rQK/szD0LNhtqxIPLpimGm8sOBwU7lLnCpSbTyY3yeU1Vc7l4KT5zT4s/yOxHH5O7tIuuLOCnLADRw=="],

    "dateformat": ["dateformat@4.6.3", "", {}, ""],

    "debug": ["debug@2.6.9", "", { "dependencies": { "ms": "2.0.0" } }, ""],

    "delayed-stream": ["delayed-stream@1.0.0", "", {}, ""],

    "depd": ["depd@2.0.0", "", {}, ""],

    "destroy": ["destroy@1.2.0", "", {}, ""],

    "dotenv": ["dotenv@16.6.1", "", {}, ""],

    "dunder-proto": ["dunder-proto@1.0.1", "", { "dependencies": { "call-bind-apply-helpers": "^1.0.1", "es-errors": "^1.3.0", "gopd": "^1.2.0" } }, ""],

    "ecdsa-sig-formatter": ["ecdsa-sig-formatter@1.0.11", "", { "dependencies": { "safe-buffer": "^5.0.1" } }, ""],

    "ee-first": ["ee-first@1.1.1", "", {}, ""],

    "encodeurl": ["encodeurl@2.0.0", "", {}, ""],

    "end-of-stream": ["end-of-stream@1.4.4", "", { "dependencies": { "once": "^1.4.0" } }, ""],

    "es-define-property": ["es-define-property@1.0.1", "", {}, ""],

    "es-errors": ["es-errors@1.3.0", "", {}, ""],

    "es-object-atoms": ["es-object-atoms@1.1.1", "", { "dependencies": { "es-errors": "^1.3.0" } }, ""],

    "es-set-tostringtag": ["es-set-tostringtag@2.1.0", "", { "dependencies": { "es-errors": "^1.3.0", "get-intrinsic": "^1.2.6", "has-tostringtag": "^1.0.2", "hasown": "^2.0.2" } }, ""],

    "esbuild": ["esbuild@0.25.5", "", { "optionalDependencies": { "@esbuild/darwin-arm64": "0.25.5" }, "bin": "bin/esbuild" }, ""],

    "escape-html": ["escape-html@1.0.3", "", {}, ""],

    "etag": ["etag@1.8.1", "", {}, ""],

    "event-target-shim": ["event-target-shim@5.0.1", "", {}, ""],

    "events": ["events@3.3.0", "", {}, ""],

    "express": ["express@4.21.2", "", { "dependencies": { "accepts": "~1.3.8", "array-flatten": "1.1.1", "body-parser": "1.20.3", "content-disposition": "0.5.4", "content-type": "~1.0.4", "cookie": "0.7.1", "cookie-signature": "1.0.6", "debug": "2.6.9", "depd": "2.0.0", "encodeurl": "~2.0.0", "escape-html": "~1.0.3", "etag": "~1.8.1", "finalhandler": "1.3.1", "fresh": "0.5.2", "http-errors": "2.0.0", "merge-descriptors": "1.0.3", "methods": "~1.1.2", "on-finished": "2.4.1", "parseurl": "~1.3.3", "path-to-regexp": "0.1.12", "proxy-addr": "~2.0.7", "qs": "6.13.0", "range-parser": "~1.2.1", "safe-buffer": "5.2.1", "send": "0.19.0", "serve-static": "1.16.2", "setprototypeof": "1.2.0", "statuses": "2.0.1", "type-is": "~1.6.18", "utils-merge": "1.0.1", "vary": "~1.1.2" } }, ""],

    "fast-copy": ["fast-copy@3.0.2", "", {}, ""],

    "fast-redact": ["fast-redact@3.5.0", "", {}, ""],

    "fast-safe-stringify": ["fast-safe-stringify@2.1.1", "", {}, ""],

    "finalhandler": ["finalhandler@1.3.1", "", { "dependencies": { "debug": "2.6.9", "encodeurl": "~2.0.0", "escape-html": "~1.0.3", "on-finished": "2.4.1", "parseurl": "~1.3.3", "statuses": "2.0.1", "unpipe": "~1.0.0" } }, ""],

    "follow-redirects": ["follow-redirects@1.15.9", "", {}, ""],

    "form-data": ["form-data@4.0.2", "", { "dependencies": { "asynckit": "^0.4.0", "combined-stream": "^1.0.8", "es-set-tostringtag": "^2.1.0", "mime-types": "^2.1.12" } }, ""],

    "forwarded": ["forwarded@0.2.0", "", {}, ""],

    "fresh": ["fresh@0.5.2", "", {}, ""],

    "fsevents": ["fsevents@2.3.3", "", { "os": "darwin" }, ""],

    "function-bind": ["function-bind@1.1.2", "", {}, ""],

    "get-intrinsic": ["get-intrinsic@1.3.0", "", { "dependencies": { "call-bind-apply-helpers": "^1.0.2", "es-define-property": "^1.0.1", "es-errors": "^1.3.0", "es-object-atoms": "^1.1.1", "function-bind": "^1.1.2", "get-proto": "^1.0.1", "gopd": "^1.2.0", "has-symbols": "^1.1.0", "hasown": "^2.0.2", "math-intrinsics": "^1.1.0" } }, ""],

    "get-proto": ["get-proto@1.0.1", "", { "dependencies": { "dunder-proto": "^1.0.1", "es-object-atoms": "^1.0.0" } }, ""],

    "get-tsconfig": ["get-tsconfig@4.10.1", "", { "dependencies": { "resolve-pkg-maps": "^1.0.0" } }, ""],

    "gopd": ["gopd@1.2.0", "", {}, ""],

    "has-symbols": ["has-symbols@1.1.0", "", {}, ""],

    "has-tostringtag": ["has-tostringtag@1.0.2", "", { "dependencies": { "has-symbols": "^1.0.3" } }, ""],

    "hasown": ["hasown@2.0.2", "", { "dependencies": { "function-bind": "^1.1.2" } }, ""],

    "help-me": ["help-me@5.0.0", "", {}, ""],

    "http-errors": ["http-errors@2.0.0", "", { "dependencies": { "depd": "2.0.0", "inherits": "2.0.4", "setprototypeof": "1.2.0", "statuses": "2.0.1", "toidentifier": "1.0.1" } }, ""],

    "iconv-lite": ["iconv-lite@0.4.24", "", { "dependencies": { "safer-buffer": ">= 2.1.2 < 3" } }, ""],

    "ieee754": ["ieee754@1.2.1", "", {}, ""],

    "inherits": ["inherits@2.0.4", "", {}, ""],

    "ipaddr.js": ["ipaddr.js@1.9.1", "", {}, ""],

    "joycon": ["joycon@3.1.1", "", {}, ""],

    "jsonwebtoken": ["jsonwebtoken@8.5.1", "", { "dependencies": { "jws": "^3.2.2", "lodash.includes": "^4.3.0", "lodash.isboolean": "^3.0.3", "lodash.isinteger": "^4.0.4", "lodash.isnumber": "^3.0.3", "lodash.isplainobject": "^4.0.6", "lodash.isstring": "^4.0.1", "lodash.once": "^4.0.0", "ms": "^2.1.1", "semver": "^5.6.0" } }, ""],

    "jsrsasign": ["jsrsasign@11.1.0", "", {}, ""],

    "jwa": ["jwa@1.4.2", "", { "dependencies": { "buffer-equal-constant-time": "^1.0.1", "ecdsa-sig-formatter": "1.0.11", "safe-buffer": "^5.0.1" } }, ""],

    "jws": ["jws@3.2.2", "", { "dependencies": { "jwa": "^1.4.1", "safe-buffer": "^5.0.1" } }, ""],

    "lodash.includes": ["lodash.includes@4.3.0", "", {}, ""],

    "lodash.isboolean": ["lodash.isboolean@3.0.3", "", {}, ""],

    "lodash.isinteger": ["lodash.isinteger@4.0.4", "", {}, ""],

    "lodash.isnumber": ["lodash.isnumber@3.0.3", "", {}, ""],

    "lodash.isplainobject": ["lodash.isplainobject@4.0.6", "", {}, ""],

    "lodash.isstring": ["lodash.isstring@4.0.1", "", {}, ""],

    "lodash.once": ["lodash.once@4.1.1", "", {}, ""],

    "math-intrinsics": ["math-intrinsics@1.1.0", "", {}, ""],

    "media-typer": ["media-typer@0.3.0", "", {}, ""],

    "merge-descriptors": ["merge-descriptors@1.0.3", "", {}, ""],

    "methods": ["methods@1.1.2", "", {}, ""],

    "mime": ["mime@1.6.0", "", { "bin": "cli.js" }, ""],

    "mime-db": ["mime-db@1.52.0", "", {}, ""],

    "mime-types": ["mime-types@2.1.35", "", { "dependencies": { "mime-db": "1.52.0" } }, ""],

    "minimatch": ["minimatch@9.0.5", "", { "dependencies": { "brace-expansion": "^2.0.1" } }, ""],

    "minimist": ["minimist@1.2.8", "", {}, ""],

    "mkdirp": ["mkdirp@0.5.6", "", { "dependencies": { "minimist": "^1.2.6" }, "bin": { "mkdirp": "bin/cmd.js" } }, "sha512-FP+p8RB8OWpF3YZBCrP5gtADmtXApB5AMLn+vdyA+PyxCjrCs00mjyUozssO33cwDeT3wNGdLxJ5M//YqtHAJw=="],

    "ms": ["ms@2.1.3", "", {}, ""],

    "multer": ["multer@2.0.1", "", { "dependencies": { "append-field": "^1.0.0", "busboy": "^1.6.0", "concat-stream": "^2.0.0", "mkdirp": "^0.5.6", "object-assign": "^4.1.1", "type-is": "^1.6.18", "xtend": "^4.0.2" } }, "sha512-Ug8bXeTIUlxurg8xLTEskKShvcKDZALo1THEX5E41pYCD2sCVub5/kIRIGqWNoqV6szyLyQKV6mD4QUrWE5GCQ=="],

    "negotiator": ["negotiator@0.6.3", "", {}, ""],

    "object-assign": ["object-assign@4.1.1", "", {}, ""],

    "object-inspect": ["object-inspect@1.13.4", "", {}, ""],

    "on-exit-leak-free": ["on-exit-leak-free@2.1.2", "", {}, ""],

    "on-finished": ["on-finished@2.4.1", "", { "dependencies": { "ee-first": "1.1.1" } }, ""],

    "once": ["once@1.4.0", "", { "dependencies": { "wrappy": "1" } }, ""],

    "parseurl": ["parseurl@1.3.3", "", {}, ""],

    "path-to-regexp": ["path-to-regexp@0.1.12", "", {}, ""],

    "pino": ["pino@9.7.0", "", { "dependencies": { "atomic-sleep": "^1.0.0", "fast-redact": "^3.1.1", "on-exit-leak-free": "^2.1.0", "pino-abstract-transport": "^2.0.0", "pino-std-serializers": "^7.0.0", "process-warning": "^5.0.0", "quick-format-unescaped": "^4.0.3", "real-require": "^0.2.0", "safe-stable-stringify": "^2.3.1", "sonic-boom": "^4.0.1", "thread-stream": "^3.0.0" }, "bin": "bin.js" }, ""],

    "pino-abstract-transport": ["pino-abstract-transport@1.2.0", "", { "dependencies": { "readable-stream": "^4.0.0", "split2": "^4.0.0" } }, ""],

    "pino-pretty": ["pino-pretty@13.0.0", "", { "dependencies": { "colorette": "^2.0.7", "dateformat": "^4.6.3", "fast-copy": "^3.0.2", "fast-safe-stringify": "^2.1.1", "help-me": "^5.0.0", "joycon": "^3.1.1", "minimist": "^1.2.6", "on-exit-leak-free": "^2.1.0", "pino-abstract-transport": "^2.0.0", "pump": "^3.0.0", "secure-json-parse": "^2.4.0", "sonic-boom": "^4.0.1", "strip-json-comments": "^3.1.1" }, "bin": "bin.js" }, ""],

    "pino-std-serializers": ["pino-std-serializers@7.0.0", "", {}, ""],

    "process": ["process@0.11.10", "", {}, ""],

    "process-warning": ["process-warning@5.0.0", "", {}, ""],

    "proxy-addr": ["proxy-addr@2.0.7", "", { "dependencies": { "forwarded": "0.2.0", "ipaddr.js": "1.9.1" } }, ""],

    "proxy-from-env": ["proxy-from-env@1.1.0", "", {}, ""],

    "pump": ["pump@3.0.2", "", { "dependencies": { "end-of-stream": "^1.1.0", "once": "^1.3.1" } }, ""],

    "qs": ["qs@6.13.0", "", { "dependencies": { "side-channel": "^1.0.6" } }, ""],

    "quick-format-unescaped": ["quick-format-unescaped@4.0.4", "", {}, ""],

    "range-parser": ["range-parser@1.2.1", "", {}, ""],

    "raw-body": ["raw-body@2.5.2", "", { "dependencies": { "bytes": "3.1.2", "http-errors": "2.0.0", "iconv-lite": "0.4.24", "unpipe": "1.0.0" } }, ""],

    "readable-stream": ["readable-stream@4.7.0", "", { "dependencies": { "abort-controller": "^3.0.0", "buffer": "^6.0.3", "events": "^3.3.0", "process": "^0.11.10", "string_decoder": "^1.3.0" } }, ""],

    "real-require": ["real-require@0.2.0", "", {}, ""],

    "resolve-pkg-maps": ["resolve-pkg-maps@1.0.0", "", {}, ""],

    "safe-buffer": ["safe-buffer@5.2.1", "", {}, ""],

    "safe-stable-stringify": ["safe-stable-stringify@2.5.0", "", {}, ""],

    "safer-buffer": ["safer-buffer@2.1.2", "", {}, ""],

    "secure-json-parse": ["secure-json-parse@2.7.0", "", {}, ""],

    "semver": ["semver@5.7.2", "", { "bin": "bin/semver" }, ""],

    "send": ["send@0.19.0", "", { "dependencies": { "debug": "2.6.9", "depd": "2.0.0", "destroy": "1.2.0", "encodeurl": "~1.0.2", "escape-html": "~1.0.3", "etag": "~1.8.1", "fresh": "0.5.2", "http-errors": "2.0.0", "mime": "1.6.0", "ms": "2.1.3", "on-finished": "2.4.1", "range-parser": "~1.2.1", "statuses": "2.0.1" } }, ""],

    "serialize-error": ["serialize-error@8.1.0", "", { "dependencies": { "type-fest": "^0.20.2" } }, ""],

    "serve-static": ["serve-static@1.16.2", "", { "dependencies": { "encodeurl": "~2.0.0", "escape-html": "~1.0.3", "parseurl": "~1.3.3", "send": "0.19.0" } }, ""],

    "setprototypeof": ["setprototypeof@1.2.0", "", {}, ""],

    "side-channel": ["side-channel@1.1.0", "", { "dependencies": { "es-errors": "^1.3.0", "object-inspect": "^1.13.3", "side-channel-list": "^1.0.0", "side-channel-map": "^1.0.1", "side-channel-weakmap": "^1.0.2" } }, ""],

    "side-channel-list": ["side-channel-list@1.0.0", "", { "dependencies": { "es-errors": "^1.3.0", "object-inspect": "^1.13.3" } }, ""],

    "side-channel-map": ["side-channel-map@1.0.1", "", { "dependencies": { "call-bound": "^1.0.2", "es-errors": "^1.3.0", "get-intrinsic": "^1.2.5", "object-inspect": "^1.13.3" } }, ""],

    "side-channel-weakmap": ["side-channel-weakmap@1.0.2", "", { "dependencies": { "call-bound": "^1.0.2", "es-errors": "^1.3.0", "get-intrinsic": "^1.2.5", "object-inspect": "^1.13.3", "side-channel-map": "^1.0.1" } }, ""],

    "sonic-boom": ["sonic-boom@4.2.0", "", { "dependencies": { "atomic-sleep": "^1.0.0" } }, ""],

    "split2": ["split2@4.2.0", "", {}, ""],

    "stack-trace": ["stack-trace@0.0.10", "", {}, ""],

    "statuses": ["statuses@2.0.1", "", {}, ""],

    "streamsearch": ["streamsearch@1.1.0", "", {}, "sha512-Mcc5wHehp9aXz1ax6bZUyY5afg9u2rv5cqQI3mRrYkGC8rW2hM02jWuwjtL++LS5qinSyhj2QfLyNsuc+VsExg=="],

    "string_decoder": ["string_decoder@1.3.0", "", { "dependencies": { "safe-buffer": "~5.2.0" } }, ""],

    "strip-json-comments": ["strip-json-comments@3.1.1", "", {}, ""],

    "thread-stream": ["thread-stream@3.1.0", "", { "dependencies": { "real-require": "^0.2.0" } }, ""],

    "toidentifier": ["toidentifier@1.0.1", "", {}, ""],

    "tsx": ["tsx@4.20.3", "", { "dependencies": { "esbuild": "~0.25.0", "get-tsconfig": "^4.7.5" }, "optionalDependencies": { "fsevents": "~2.3.3" }, "bin": { "tsx": "dist/cli.mjs" } }, "sha512-qjbnuR9Tr+FJOMBqJCW5ehvIo/buZq7vH7qD7JziU98h6l3qGy0a/yPFjwO+y0/T7GFpNgNAvEcPPVfyT8rrPQ=="],

    "type-fest": ["type-fest@0.20.2", "", {}, ""],

    "type-is": ["type-is@1.6.18", "", { "dependencies": { "media-typer": "0.3.0", "mime-types": "~2.1.24" } }, ""],

    "typedarray": ["typedarray@0.0.6", "", {}, "sha512-/aCDEGatGvZ2BIk+HmLf4ifCJFwvKFNb9/JeZPMulfgFracn9QFcAf5GO8B/mweUjSoblS5In0cWhqpfs/5PQA=="],

    "typescript": ["typescript@5.8.3", "", { "bin": { "tsc": "bin/tsc", "tsserver": "bin/tsserver" } }, ""],

    "undici-types": ["undici-types@7.8.0", "", {}, "sha512-9UJ2xGDvQ43tYyVMpuHlsgApydB8ZKfVYTsLDhXkFL/6gfkp+U8xTGdh8pMJv1SpZna0zxG1DwsKZsreLbXBxw=="],

    "unpipe": ["unpipe@1.0.0", "", {}, ""],

    "util-deprecate": ["util-deprecate@1.0.2", "", {}, "sha512-EPD5q1uXyFxJpCrLnCc1nHnq3gOa6DZBocAIiI2TaSCA7VCJ1UJDMagCzIkXNsUYfD1daK//LTEQ8xiIbrHtcw=="],

    "utils-merge": ["utils-merge@1.0.1", "", {}, ""],

    "vary": ["vary@1.1.2", "", {}, ""],

    "wrappy": ["wrappy@1.0.2", "", {}, ""],

    "ws": ["ws@8.18.2", "", { "peerDependencies": { "bufferutil": "^4.0.1", "utf-8-validate": ">=5.0.2" }, "optionalPeers": ["bufferutil", "utf-8-validate"] }, ""],

    "xtend": ["xtend@4.0.2", "", {}, "sha512-LKYU1iAXJXUgAXn9URjiu+MWhyUXHsvfp7mcuYm9dSUKK0/CjtrUwFAxD82/mCWbtLsGjFIad0wIsod4zrTAEQ=="],

    "@types/body-parser/@types/node": ["@types/node@22.15.29", "", { "dependencies": { "undici-types": "~6.21.0" } }, ""],

    "@types/connect/@types/node": ["@types/node@22.15.29", "", { "dependencies": { "undici-types": "~6.21.0" } }, ""],

    "@types/cors/@types/node": ["@types/node@22.15.29", "", { "dependencies": { "undici-types": "~6.21.0" } }, ""],

    "@types/express-serve-static-core/@types/node": ["@types/node@22.15.29", "", { "dependencies": { "undici-types": "~6.21.0" } }, ""],

    "@types/send/@types/node": ["@types/node@22.15.29", "", { "dependencies": { "undici-types": "~6.21.0" } }, ""],

    "@types/serve-static/@types/node": ["@types/node@22.15.29", "", { "dependencies": { "undici-types": "~6.21.0" } }, ""],

    "bun-types/@types/node": ["@types/node@20.17.57", "", { "dependencies": { "undici-types": "~6.19.2" } }, ""],

    "concat-stream/readable-stream": ["readable-stream@3.6.2", "", { "dependencies": { "inherits": "^2.0.3", "string_decoder": "^1.1.1", "util-deprecate": "^1.0.1" } }, "sha512-9u/sniCrY3D5WdsERHzHE4G2YCXqoG5FTHUiCC4SIbr6XcLZBY05ya9EKjYek9O5xOAwjGq+1JdGBAS7Q9ScoA=="],

    "debug/ms": ["ms@2.0.0", "", {}, ""],

    "express/cookie": ["cookie@0.7.1", "", {}, ""],

    "pino/pino-abstract-transport": ["pino-abstract-transport@2.0.0", "", { "dependencies": { "split2": "^4.0.0" } }, ""],

    "pino-pretty/pino-abstract-transport": ["pino-abstract-transport@2.0.0", "", { "dependencies": { "split2": "^4.0.0" } }, ""],

    "send/encodeurl": ["encodeurl@1.0.2", "", {}, ""],

    "@types/body-parser/@types/node/undici-types": ["undici-types@6.21.0", "", {}, ""],

    "@types/connect/@types/node/undici-types": ["undici-types@6.21.0", "", {}, ""],

    "@types/cors/@types/node/undici-types": ["undici-types@6.21.0", "", {}, ""],

    "@types/express-serve-static-core/@types/node/undici-types": ["undici-types@6.21.0", "", {}, ""],

    "@types/send/@types/node/undici-types": ["undici-types@6.21.0", "", {}, ""],

    "@types/serve-static/@types/node/undici-types": ["undici-types@6.21.0", "", {}, ""],

    "bun-types/@types/node/undici-types": ["undici-types@6.19.8", "", {}, ""],
  }
}
